
Microsoft Visual Studio Solution File, Format Version 12.00
# Visual Studio 15
VisualStudioVersion = 15.0.28307.705
MinimumVisualStudioVersion = 10.0.40219.1
Project("{2150E333-8FDC-42A3-9474-1A3956D46DE8}") = "1.UI", "1.UI", "{6267CFE8-D50E-4872-A08F-F81ACE06AFAC}"
EndProject
Project("{2150E333-8FDC-42A3-9474-1A3956D46DE8}") = "2.Application", "2.Application", "{A773245A-B496-4B9F-AD58-7C22A15B887F}"
EndProject
Project("{2150E333-8FDC-42A3-9474-1A3956D46DE8}") = "3.Repository", "3.Repository", "{B48BC76A-2357-48C0-A902-816C0E37DEFE}"
EndProject
Project("{2150E333-8FDC-42A3-9474-1A3956D46DE8}") = "4.Entity", "4.Entity", "{BFB00140-AC79-4C6A-8BC1-015CAF311EDC}"
EndProject
Project("{2150E333-8FDC-42A3-9474-1A3956D46DE8}") = "5.Infrastructure", "5.Infrastructure", "{231D67E4-EC5B-4F00-8D5B-31516F618483}"
EndProject
Project("{2150E333-8FDC-42A3-9474-1A3956D46DE8}") = "6.Test", "6.Test", "{EDD4105A-337B-4A97-9CD2-D547EC3B02DB}"
EndProject
Project("{9A19103F-16F7-4668-BE54-9A1E7A4F7556}") = "Czar.Cms.Admin", "Czar.Cms.Admin\Czar.Cms.Admin.csproj", "{8DC8C469-3C13-44F4-A65A-95E53E32F274}"
EndProject
Project("{9A19103F-16F7-4668-BE54-9A1E7A4F7556}") = "Czar.Cms.Site", "Czar.Cms.Site\Czar.Cms.Site.csproj", "{7345F500-95F4-4FB6-9D6C-84E9493576E3}"
EndProject
Project("{9A19103F-16F7-4668-BE54-9A1E7A4F7556}") = "Czar.Cms.IServices", "Czar.Cms.IServices\Czar.Cms.IServices.csproj", "{D9232151-DCF0-488C-A740-9A62142CB8C0}"
EndProject
Project("{9A19103F-16F7-4668-BE54-9A1E7A4F7556}") = "Czar.Cms.Services", "Czar.Cms.Services\Czar.Cms.Services.csproj", "{FE31009F-4125-46A4-9F77-57B6EA83B21D}"
EndProject
Project("{9A19103F-16F7-4668-BE54-9A1E7A4F7556}") = "Czar.Cms.IRepository", "Czar.Cms.IRepository\Czar.Cms.IRepository.csproj", "{8D0B70BF-FE48-462A-8B67-92FFFDBFE0A1}"
EndProject
Project("{9A19103F-16F7-4668-BE54-9A1E7A4F7556}") = "Czar.Cms.Repository.SqlServer", "Czar.Cms.Repository,SqlServer\Czar.Cms.Repository.SqlServer.csproj", "{B5F930D0-E941-4124-B986-E3EDC7515DBE}"
EndProject
Project("{9A19103F-16F7-4668-BE54-9A1E7A4F7556}") = "Czar.Cms.Models", "Czar.Cms.Models\Czar.Cms.Models.csproj", "{19BD750B-50A0-4798-9D61-A52D32B85EBE}"
EndProject
Project("{9A19103F-16F7-4668-BE54-9A1E7A4F7556}") = "Czar.Cms.ViewModels", "Czar.Cms.ViewModels\Czar.Cms.ViewModels.csproj", "{792427E8-5895-4D5F-BD24-0A1553D55A95}"
EndProject
Project("{9A19103F-16F7-4668-BE54-9A1E7A4F7556}") = "Czar.Cms.Core", "Czar.Cms.Core\Czar.Cms.Core.csproj", "{E3CE58E6-EB55-4CF5-B9F9-DF660F5E5FD3}"
EndProject
Project("{9A19103F-16F7-4668-BE54-9A1E7A4F7556}") = "Czar.Cms.Test", "Czar.Cms.Test\Czar.Cms.Test.csproj", "{8B557FBC-3E42-4CA4-A7FF-A4CB6C9918D8}"
EndProject
Global
	GlobalSection(SolutionConfigurationPlatforms) = preSolution
		Debug|Any CPU = Debug|Any CPU
		Release|Any CPU = Release|Any CPU
	EndGlobalSection
	GlobalSection(ProjectConfigurationPlatforms) = postSolution
		{8DC8C469-3C13-44F4-A65A-95E53E32F274}.Debug|Any CPU.ActiveCfg = Debug|Any CPU
		{8DC8C469-3C13-44F4-A65A-95E53E32F274}.Debug|Any CPU.Build.0 = Debug|Any CPU
		{8DC8C469-3C13-44F4-A65A-95E53E32F274}.Release|Any CPU.ActiveCfg = Release|Any CPU
		{8DC8C469-3C13-44F4-A65A-95E53E32F274}.Release|Any CPU.Build.0 = Release|Any CPU
		{7345F500-95F4-4FB6-9D6C-84E9493576E3}.Debug|Any CPU.ActiveCfg = Debug|Any CPU
		{7345F500-95F4-4FB6-9D6C-84E9493576E3}.Debug|Any CPU.Build.0 = Debug|Any CPU
		{7345F500-95F4-4FB6-9D6C-84E9493576E3}.Release|Any CPU.ActiveCfg = Release|Any CPU
		{7345F500-95F4-4FB6-9D6C-84E9493576E3}.Release|Any CPU.Build.0 = Release|Any CPU
		{D9232151-DCF0-488C-A740-9A62142CB8C0}.Debug|Any CPU.ActiveCfg = Debug|Any CPU
		{D9232151-DCF0-488C-A740-9A62142CB8C0}.Debug|Any CPU.Build.0 = Debug|Any CPU
		{D9232151-DCF0-488C-A740-9A62142CB8C0}.Release|Any CPU.ActiveCfg = Release|Any CPU
		{D9232151-DCF0-488C-A740-9A62142CB8C0}.Release|Any CPU.Build.0 = Release|Any CPU
		{FE31009F-4125-46A4-9F77-57B6EA83B21D}.Debug|Any CPU.ActiveCfg = Debug|Any CPU
		{FE31009F-4125-46A4-9F77-57B6EA83B21D}.Debug|Any CPU.Build.0 = Debug|Any CPU
		{FE31009F-4125-46A4-9F77-57B6EA83B21D}.Release|Any CPU.ActiveCfg = Release|Any CPU
		{FE31009F-4125-46A4-9F77-57B6EA83B21D}.Release|Any CPU.Build.0 = Release|Any CPU
		{8D0B70BF-FE48-462A-8B67-92FFFDBFE0A1}.Debug|Any CPU.ActiveCfg = Debug|Any CPU
		{8D0B70BF-FE48-462A-8B67-92FFFDBFE0A1}.Debug|Any CPU.Build.0 = Debug|Any CPU
		{8D0B70BF-FE48-462A-8B67-92FFFDBFE0A1}.Release|Any CPU.ActiveCfg = Release|Any CPU
		{8D0B70BF-FE48-462A-8B67-92FFFDBFE0A1}.Release|Any CPU.Build.0 = Release|Any CPU
		{B5F930D0-E941-4124-B986-E3EDC7515DBE}.Debug|Any CPU.ActiveCfg = Debug|Any CPU
		{B5F930D0-E941-4124-B986-E3EDC7515DBE}.Debug|Any CPU.Build.0 = Debug|Any CPU
		{B5F930D0-E941-4124-B986-E3EDC7515DBE}.Release|Any CPU.ActiveCfg = Release|Any CPU
		{B5F930D0-E941-4124-B986-E3EDC7515DBE}.Release|Any CPU.Build.0 = Release|Any CPU
		{19BD750B-50A0-4798-9D61-A52D32B85EBE}.Debug|Any CPU.ActiveCfg = Debug|Any CPU
		{19BD750B-50A0-4798-9D61-A52D32B85EBE}.Debug|Any CPU.Build.0 = Debug|Any CPU
		{19BD750B-50A0-4798-9D61-A52D32B85EBE}.Release|Any CPU.ActiveCfg = Release|Any CPU
		{19BD750B-50A0-4798-9D61-A52D32B85EBE}.Release|Any CPU.Build.0 = Release|Any CPU
		{792427E8-5895-4D5F-BD24-0A1553D55A95}.Debug|Any CPU.ActiveCfg = Debug|Any CPU
		{792427E8-5895-4D5F-BD24-0A1553D55A95}.Debug|Any CPU.Build.0 = Debug|Any CPU
		{792427E8-5895-4D5F-BD24-0A1553D55A95}.Release|Any CPU.ActiveCfg = Release|Any CPU
		{792427E8-5895-4D5F-BD24-0A1553D55A95}.Release|Any CPU.Build.0 = Release|Any CPU
		{E3CE58E6-EB55-4CF5-B9F9-DF660F5E5FD3}.Debug|Any CPU.ActiveCfg = Debug|Any CPU
		{E3CE58E6-EB55-4CF5-B9F9-DF660F5E5FD3}.Debug|Any CPU.Build.0 = Debug|Any CPU
		{E3CE58E6-EB55-4CF5-B9F9-DF660F5E5FD3}.Release|Any CPU.ActiveCfg = Release|Any CPU
		{E3CE58E6-EB55-4CF5-B9F9-DF660F5E5FD3}.Release|Any CPU.Build.0 = Release|Any CPU
		{8B557FBC-3E42-4CA4-A7FF-A4CB6C9918D8}.Debug|Any CPU.ActiveCfg = Debug|Any CPU
		{8B557FBC-3E42-4CA4-A7FF-A4CB6C9918D8}.Debug|Any CPU.Build.0 = Debug|Any CPU
		{8B557FBC-3E42-4CA4-A7FF-A4CB6C9918D8}.Release|Any CPU.ActiveCfg = Release|Any CPU
		{8B557FBC-3E42-4CA4-A7FF-A4CB6C9918D8}.Release|Any CPU.Build.0 = Release|Any CPU
	EndGlobalSection
	GlobalSection(SolutionProperties) = preSolution
		HideSolutionNode = FALSE
	EndGlobalSection
	GlobalSection(NestedProjects) = preSolution
		{8DC8C469-3C13-44F4-A65A-95E53E32F274} = {6267CFE8-D50E-4872-A08F-F81ACE06AFAC}
		{7345F500-95F4-4FB6-9D6C-84E9493576E3} = {6267CFE8-D50E-4872-A08F-F81ACE06AFAC}
		{D9232151-DCF0-488C-A740-9A62142CB8C0} = {A773245A-B496-4B9F-AD58-7C22A15B887F}
		{FE31009F-4125-46A4-9F77-57B6EA83B21D} = {A773245A-B496-4B9F-AD58-7C22A15B887F}
		{8D0B70BF-FE48-462A-8B67-92FFFDBFE0A1} = {B48BC76A-2357-48C0-A902-816C0E37DEFE}
		{B5F930D0-E941-4124-B986-E3EDC7515DBE} = {B48BC76A-2357-48C0-A902-816C0E37DEFE}
		{19BD750B-50A0-4798-9D61-A52D32B85EBE} = {BFB00140-AC79-4C6A-8BC1-015CAF311EDC}
		{792427E8-5895-4D5F-BD24-0A1553D55A95} = {BFB00140-AC79-4C6A-8BC1-015CAF311EDC}
		{E3CE58E6-EB55-4CF5-B9F9-DF660F5E5FD3} = {231D67E4-EC5B-4F00-8D5B-31516F618483}
		{8B557FBC-3E42-4CA4-A7FF-A4CB6C9918D8} = {EDD4105A-337B-4A97-9CD2-D547EC3B02DB}
	EndGlobalSection
	GlobalSection(ExtensibilityGlobals) = postSolution
		SolutionGuid = {5AC03CA9-14CE-4B36-A22E-0EA7008ABD2F}
	EndGlobalSection
EndGlobal
