
Microsoft Visual Studio Solution File, Format Version 12.00
# Visual Studio 15
VisualStudioVersion = 15.0.27703.2042
MinimumVisualStudioVersion = 10.0.40219.1
Project("{2150E333-8FDC-42A3-9474-1A3956D46DE8}") = "1.UI", "1.UI", "{236785A1-756B-47BD-816B-A241A35B0B11}"
EndProject
Project("{2150E333-8FDC-42A3-9474-1A3956D46DE8}") = "2.Application", "2.Application", "{23FCA0A6-A214-4AA7-A186-1D6AA4604B71}"
EndProject
Project("{2150E333-8FDC-42A3-9474-1A3956D46DE8}") = "3.Repository", "3.Repository", "{2506A404-7A66-44FF-B1C1-1966EB647AE1}"
EndProject
Project("{2150E333-8FDC-42A3-9474-1A3956D46DE8}") = "4.Entity", "4.Entity", "{BEB2571C-E2C5-442E-B212-28C88F59AD18}"
EndProject
Project("{2150E333-8FDC-42A3-9474-1A3956D46DE8}") = "5.Infrastructure", "5.Infrastructure", "{61F3ED79-4655-43E8-B7C0-7E8A6CAABE68}"
EndProject
Project("{2150E333-8FDC-42A3-9474-1A3956D46DE8}") = "6.Test", "6.Test", "{4185CFFC-0219-4CD3-B06E-19E9C7FAFB45}"
EndProject
Project("{9A19103F-16F7-4668-BE54-9A1E7A4F7556}") = "Czar.Cms.IServices", "Czar.Cms.IServices\Czar.Cms.IServices.csproj", "{799EAB43-578A-438D-8CBC-AD064035A091}"
EndProject
Project("{9A19103F-16F7-4668-BE54-9A1E7A4F7556}") = "Czar.Cms.Services", "Czar.Cms.Services\Czar.Cms.Services.csproj", "{CFD16CF7-C804-4EF1-A1A6-D1289FF05696}"
EndProject
Project("{9A19103F-16F7-4668-BE54-9A1E7A4F7556}") = "Czar.Cms.IRepository", "Czar.Cms.IRepository\Czar.Cms.IRepository.csproj", "{6F91E49E-2F0B-4970-9B0B-529596465DA1}"
EndProject
Project("{9A19103F-16F7-4668-BE54-9A1E7A4F7556}") = "Czar.Cms.Repository.SqlServer", "Czar.Cms.Repository.SqlServer\Czar.Cms.Repository.SqlServer.csproj", "{F68A80C5-7A15-4921-A0FD-3D72B7D031D0}"
EndProject
Project("{9A19103F-16F7-4668-BE54-9A1E7A4F7556}") = "Czar.Cms.Models", "Czar.Cms.Models\Czar.Cms.Models.csproj", "{CB20CCE5-D498-458B-B578-E25112429130}"
EndProject
Project("{9A19103F-16F7-4668-BE54-9A1E7A4F7556}") = "Czar.Cms.ViewModels", "Czar.Cms.ViewModels\Czar.Cms.ViewModels.csproj", "{913517C9-9799-48F9-ABEC-B85AD19E0B1E}"
EndProject
Project("{9A19103F-16F7-4668-BE54-9A1E7A4F7556}") = "Czar.Cms.Core", "Czar.Cms.Core\Czar.Cms.Core.csproj", "{F5D25542-063B-49C3-B51C-C8E84E8DF005}"
EndProject
Project("{9A19103F-16F7-4668-BE54-9A1E7A4F7556}") = "Czar.Cms.Test", "Czar.Cms.Test\Czar.Cms.Test.csproj", "{2DD37B1A-8CEC-4898-B5C3-F272969EF248}"
EndProject
Project("{9A19103F-16F7-4668-BE54-9A1E7A4F7556}") = "Czar.Cms.Site", "Czar.Cms.Site\Czar.Cms.Site.csproj", "{F4F0C2B1-2310-4BF8-9971-DCB1CE088521}"
EndProject
Global
	GlobalSection(SolutionConfigurationPlatforms) = preSolution
		Debug|Any CPU = Debug|Any CPU
		Release|Any CPU = Release|Any CPU
	EndGlobalSection
	GlobalSection(ProjectConfigurationPlatforms) = postSolution
		{799EAB43-578A-438D-8CBC-AD064035A091}.Debug|Any CPU.ActiveCfg = Debug|Any CPU
		{799EAB43-578A-438D-8CBC-AD064035A091}.Debug|Any CPU.Build.0 = Debug|Any CPU
		{799EAB43-578A-438D-8CBC-AD064035A091}.Release|Any CPU.ActiveCfg = Release|Any CPU
		{799EAB43-578A-438D-8CBC-AD064035A091}.Release|Any CPU.Build.0 = Release|Any CPU
		{CFD16CF7-C804-4EF1-A1A6-D1289FF05696}.Debug|Any CPU.ActiveCfg = Debug|Any CPU
		{CFD16CF7-C804-4EF1-A1A6-D1289FF05696}.Debug|Any CPU.Build.0 = Debug|Any CPU
		{CFD16CF7-C804-4EF1-A1A6-D1289FF05696}.Release|Any CPU.ActiveCfg = Release|Any CPU
		{CFD16CF7-C804-4EF1-A1A6-D1289FF05696}.Release|Any CPU.Build.0 = Release|Any CPU
		{6F91E49E-2F0B-4970-9B0B-529596465DA1}.Debug|Any CPU.ActiveCfg = Debug|Any CPU
		{6F91E49E-2F0B-4970-9B0B-529596465DA1}.Debug|Any CPU.Build.0 = Debug|Any CPU
		{6F91E49E-2F0B-4970-9B0B-529596465DA1}.Release|Any CPU.ActiveCfg = Release|Any CPU
		{6F91E49E-2F0B-4970-9B0B-529596465DA1}.Release|Any CPU.Build.0 = Release|Any CPU
		{F68A80C5-7A15-4921-A0FD-3D72B7D031D0}.Debug|Any CPU.ActiveCfg = Debug|Any CPU
		{F68A80C5-7A15-4921-A0FD-3D72B7D031D0}.Debug|Any CPU.Build.0 = Debug|Any CPU
		{F68A80C5-7A15-4921-A0FD-3D72B7D031D0}.Release|Any CPU.ActiveCfg = Release|Any CPU
		{F68A80C5-7A15-4921-A0FD-3D72B7D031D0}.Release|Any CPU.Build.0 = Release|Any CPU
		{CB20CCE5-D498-458B-B578-E25112429130}.Debug|Any CPU.ActiveCfg = Debug|Any CPU
		{CB20CCE5-D498-458B-B578-E25112429130}.Debug|Any CPU.Build.0 = Debug|Any CPU
		{CB20CCE5-D498-458B-B578-E25112429130}.Release|Any CPU.ActiveCfg = Release|Any CPU
		{CB20CCE5-D498-458B-B578-E25112429130}.Release|Any CPU.Build.0 = Release|Any CPU
		{913517C9-9799-48F9-ABEC-B85AD19E0B1E}.Debug|Any CPU.ActiveCfg = Debug|Any CPU
		{913517C9-9799-48F9-ABEC-B85AD19E0B1E}.Debug|Any CPU.Build.0 = Debug|Any CPU
		{913517C9-9799-48F9-ABEC-B85AD19E0B1E}.Release|Any CPU.ActiveCfg = Release|Any CPU
		{913517C9-9799-48F9-ABEC-B85AD19E0B1E}.Release|Any CPU.Build.0 = Release|Any CPU
		{F5D25542-063B-49C3-B51C-C8E84E8DF005}.Debug|Any CPU.ActiveCfg = Debug|Any CPU
		{F5D25542-063B-49C3-B51C-C8E84E8DF005}.Debug|Any CPU.Build.0 = Debug|Any CPU
		{F5D25542-063B-49C3-B51C-C8E84E8DF005}.Release|Any CPU.ActiveCfg = Release|Any CPU
		{F5D25542-063B-49C3-B51C-C8E84E8DF005}.Release|Any CPU.Build.0 = Release|Any CPU
		{2DD37B1A-8CEC-4898-B5C3-F272969EF248}.Debug|Any CPU.ActiveCfg = Debug|Any CPU
		{2DD37B1A-8CEC-4898-B5C3-F272969EF248}.Debug|Any CPU.Build.0 = Debug|Any CPU
		{2DD37B1A-8CEC-4898-B5C3-F272969EF248}.Release|Any CPU.ActiveCfg = Release|Any CPU
		{2DD37B1A-8CEC-4898-B5C3-F272969EF248}.Release|Any CPU.Build.0 = Release|Any CPU
		{F4F0C2B1-2310-4BF8-9971-DCB1CE088521}.Debug|Any CPU.ActiveCfg = Debug|Any CPU
		{F4F0C2B1-2310-4BF8-9971-DCB1CE088521}.Debug|Any CPU.Build.0 = Debug|Any CPU
		{F4F0C2B1-2310-4BF8-9971-DCB1CE088521}.Release|Any CPU.ActiveCfg = Release|Any CPU
		{F4F0C2B1-2310-4BF8-9971-DCB1CE088521}.Release|Any CPU.Build.0 = Release|Any CPU
	EndGlobalSection
	GlobalSection(SolutionProperties) = preSolution
		HideSolutionNode = FALSE
	EndGlobalSection
	GlobalSection(NestedProjects) = preSolution
		{799EAB43-578A-438D-8CBC-AD064035A091} = {23FCA0A6-A214-4AA7-A186-1D6AA4604B71}
		{CFD16CF7-C804-4EF1-A1A6-D1289FF05696} = {23FCA0A6-A214-4AA7-A186-1D6AA4604B71}
		{6F91E49E-2F0B-4970-9B0B-529596465DA1} = {2506A404-7A66-44FF-B1C1-1966EB647AE1}
		{F68A80C5-7A15-4921-A0FD-3D72B7D031D0} = {2506A404-7A66-44FF-B1C1-1966EB647AE1}
		{CB20CCE5-D498-458B-B578-E25112429130} = {BEB2571C-E2C5-442E-B212-28C88F59AD18}
		{913517C9-9799-48F9-ABEC-B85AD19E0B1E} = {BEB2571C-E2C5-442E-B212-28C88F59AD18}
		{F5D25542-063B-49C3-B51C-C8E84E8DF005} = {61F3ED79-4655-43E8-B7C0-7E8A6CAABE68}
		{2DD37B1A-8CEC-4898-B5C3-F272969EF248} = {4185CFFC-0219-4CD3-B06E-19E9C7FAFB45}
		{F4F0C2B1-2310-4BF8-9971-DCB1CE088521} = {236785A1-756B-47BD-816B-A241A35B0B11}
	EndGlobalSection
	GlobalSection(ExtensibilityGlobals) = postSolution
		SolutionGuid = {D271C7A4-384D-4996-820D-440D156F2F99}
	EndGlobalSection
EndGlobal
